<?xml version="1.0"?>
<Project ToolsVersion="4.0" xmlns="http://schemas.microsoft.com/developer/msbuild/2003">
	<ItemGroup>
		<ClCompile Include="src\ofApp.cpp">
			<Filter>src</Filter>
		</ClCompile>
		<ClCompile Include="src\main.cpp">
			<Filter>src</Filter>
		</ClCompile>
		<ClCompile Include="..\..\..\addons\ofxNetwork\src\ofxNetworkUtils.cpp">
			<Filter>addons\ofxNetwork\src</Filter>
		</ClCompile>
		<ClCompile Include="..\..\..\addons\ofxNetwork\src\ofxTCPClient.cpp">
			<Filter>addons\ofxNetwork\src</Filter>
		</ClCompile>
		<ClCompile Include="..\..\..\addons\ofxNetwork\src\ofxTCPManager.cpp">
			<Filter>addons\ofxNetwork\src</Filter>
		</ClCompile>
		<ClCompile Include="..\..\..\addons\ofxNetwork\src\ofxTCPServer.cpp">
			<Filter>addons\ofxNetwork\src</Filter>
		</ClCompile>
		<ClCompile Include="..\..\..\addons\ofxNetwork\src\ofxUDPManager.cpp">
			<Filter>addons\ofxNetwork\src</Filter>
		</ClCompile>
		<ClCompile Include="..\..\..\addons\ofxSvg\src\ofxSvg.cpp">
			<Filter>addons\ofxSvg\src</Filter>
		</ClCompile>
	</ItemGroup>
	<ItemGroup>
		<Filter Include="src">
			<UniqueIdentifier>{d8376475-7454-4a24-b08a-aac121d3ad6f}</UniqueIdentifier>
		</Filter>
		<Filter Include="addons">
			<UniqueIdentifier>{BA82B13D--558-1-4E-63-8-D9D-86867500DF75}</UniqueIdentifier>
		</Filter>
		<Filter Include="addons\ofxNetwork">
			<UniqueIdentifier>{5790BF74--350-6-4F-07-8-E47-3520F392E97E}</UniqueIdentifier>
		</Filter>
		<Filter Include="addons\ofxNetwork\src">
			<UniqueIdentifier>{38011F72--DD9-F-4C-C3-8-832-A9631B23F6C2}</UniqueIdentifier>
		</Filter>
		<Filter Include="addons\ofxSvg">
			<UniqueIdentifier>{BBBAA6DC--A86-4-49-F1-8-DB1-E4228CF0DE28}</UniqueIdentifier>
		</Filter>
		<Filter Include="addons\ofxSvg\src">
			<UniqueIdentifier>{ED3D476E--99D-8-46-1D-8-D02-B648AA341E4A}</UniqueIdentifier>
		</Filter>
		<Filter Include="addons\ofxSvg\libs">
			<UniqueIdentifier>{20DD4895--77D-9-48-22-9-844-DC1B1A7B3331}</UniqueIdentifier>
		</Filter>
		<Filter Include="addons\ofxSvg\libs\libxml2">
			<UniqueIdentifier>{29E08CEE--635-9-4B-03-B-9DD-FF3AE48A1BD9}</UniqueIdentifier>
		</Filter>
		<Filter Include="addons\ofxSvg\libs\libxml2\include">
			<UniqueIdentifier>{42B21156--4B5-8-46-2B-A-7E6-FAFD0AF42510}</UniqueIdentifier>
		</Filter>
		<Filter Include="addons\ofxSvg\libs\libxml2\include\libxml">
			<UniqueIdentifier>{B1D57F60--689-E-4F-F6-9-6BD-E18F0003B484}</UniqueIdentifier>
		</Filter>
		<Filter Include="addons\ofxSvg\libs\svgtiny">
			<UniqueIdentifier>{6E312DAE--C02-B-43-0A-8-1BC-B1C222FCDC82}</UniqueIdentifier>
		</Filter>
		<Filter Include="addons\ofxSvg\libs\svgtiny\include">
			<UniqueIdentifier>{8657BDF9--642-F-4D-AB-B-A36-BD227A1351C9}</UniqueIdentifier>
		</Filter>
	</ItemGroup>
	<ItemGroup>
		<ClInclude Include="src\ofApp.h">
			<Filter>src</Filter>
		</ClInclude>
		<ClInclude Include="..\..\..\addons\ofxNetwork\src\ofxNetwork.h">
			<Filter>addons\ofxNetwork\src</Filter>
		</ClInclude>
		<ClInclude Include="..\..\..\addons\ofxNetwork\src\ofxNetworkUtils.h">
			<Filter>addons\ofxNetwork\src</Filter>
		</ClInclude>
		<ClInclude Include="..\..\..\addons\ofxNetwork\src\ofxTCPClient.h">
			<Filter>addons\ofxNetwork\src</Filter>
		</ClInclude>
		<ClInclude Include="..\..\..\addons\ofxNetwork\src\ofxTCPManager.h">
			<Filter>addons\ofxNetwork\src</Filter>
		</ClInclude>
		<ClInclude Include="..\..\..\addons\ofxNetwork\src\ofxTCPServer.h">
			<Filter>addons\ofxNetwork\src</Filter>
		</ClInclude>
		<ClInclude Include="..\..\..\addons\ofxNetwork\src\ofxTCPSettings.h">
			<Filter>addons\ofxNetwork\src</Filter>
		</ClInclude>
		<ClInclude Include="..\..\..\addons\ofxNetwork\src\ofxUDPManager.h">
			<Filter>addons\ofxNetwork\src</Filter>
		</ClInclude>
		<ClInclude Include="..\..\..\addons\ofxNetwork\src\ofxUDPSettings.h">
			<Filter>addons\ofxNetwork\src</Filter>
		</ClInclude>
		<ClInclude Include="..\..\..\addons\ofxSvg\src\ofxSvg.h">
			<Filter>addons\ofxSvg\src</Filter>
		</ClInclude>
		<ClInclude Include="..\..\..\addons\ofxSvg\libs\libxml2\include\libxml\c14n.h">
			<Filter>addons\ofxSvg\libs\libxml2\include\libxml</Filter>
		</ClInclude>
		<ClInclude Include="..\..\..\addons\ofxSvg\libs\libxml2\include\libxml\catalog.h">
			<Filter>addons\ofxSvg\libs\libxml2\include\libxml</Filter>
		</ClInclude>
		<ClInclude Include="..\..\..\addons\ofxSvg\libs\libxml2\include\libxml\chvalid.h">
			<Filter>addons\ofxSvg\libs\libxml2\include\libxml</Filter>
		</ClInclude>
		<ClInclude Include="..\..\..\addons\ofxSvg\libs\libxml2\include\libxml\debugXML.h">
			<Filter>addons\ofxSvg\libs\libxml2\include\libxml</Filter>
		</ClInclude>
		<ClInclude Include="..\..\..\addons\ofxSvg\libs\libxml2\include\libxml\dict.h">
			<Filter>addons\ofxSvg\libs\libxml2\include\libxml</Filter>
		</ClInclude>
		<ClInclude Include="..\..\..\addons\ofxSvg\libs\libxml2\include\libxml\encoding.h">
			<Filter>addons\ofxSvg\libs\libxml2\include\libxml</Filter>
		</ClInclude>
		<ClInclude Include="..\..\..\addons\ofxSvg\libs\libxml2\include\libxml\entities.h">
			<Filter>addons\ofxSvg\libs\libxml2\include\libxml</Filter>
		</ClInclude>
		<ClInclude Include="..\..\..\addons\ofxSvg\libs\libxml2\include\libxml\globals.h">
			<Filter>addons\ofxSvg\libs\libxml2\include\libxml</Filter>
		</ClInclude>
		<ClInclude Include="..\..\..\addons\ofxSvg\libs\libxml2\include\libxml\hash.h">
			<Filter>addons\ofxSvg\libs\libxml2\include\libxml</Filter>
		</ClInclude>
		<ClInclude Include="..\..\..\addons\ofxSvg\libs\libxml2\include\libxml\HTMLparser.h">
			<Filter>addons\ofxSvg\libs\libxml2\include\libxml</Filter>
		</ClInclude>
		<ClInclude Include="..\..\..\addons\ofxSvg\libs\libxml2\include\libxml\HTMLtree.h">
			<Filter>addons\ofxSvg\libs\libxml2\include\libxml</Filter>
		</ClInclude>
		<ClInclude Include="..\..\..\addons\ofxSvg\libs\libxml2\include\libxml\list.h">
			<Filter>addons\ofxSvg\libs\libxml2\include\libxml</Filter>
		</ClInclude>
		<ClInclude Include="..\..\..\addons\ofxSvg\libs\libxml2\include\libxml\nanoftp.h">
			<Filter>addons\ofxSvg\libs\libxml2\include\libxml</Filter>
		</ClInclude>
		<ClInclude Include="..\..\..\addons\ofxSvg\libs\libxml2\include\libxml\nanohttp.h">
			<Filter>addons\ofxSvg\libs\libxml2\include\libxml</Filter>
		</ClInclude>
		<ClInclude Include="..\..\..\addons\ofxSvg\libs\libxml2\include\libxml\parser.h">
			<Filter>addons\ofxSvg\libs\libxml2\include\libxml</Filter>
		</ClInclude>
		<ClInclude Include="..\..\..\addons\ofxSvg\libs\libxml2\include\libxml\parserInternals.h">
			<Filter>addons\ofxSvg\libs\libxml2\include\libxml</Filter>
		</ClInclude>
		<ClInclude Include="..\..\..\addons\ofxSvg\libs\libxml2\include\libxml\pattern.h">
			<Filter>addons\ofxSvg\libs\libxml2\include\libxml</Filter>
		</ClInclude>
		<ClInclude Include="..\..\..\addons\ofxSvg\libs\libxml2\include\libxml\relaxng.h">
			<Filter>addons\ofxSvg\libs\libxml2\include\libxml</Filter>
		</ClInclude>
		<ClInclude Include="..\..\..\addons\ofxSvg\libs\libxml2\include\libxml\SAX.h">
			<Filter>addons\ofxSvg\libs\libxml2\include\libxml</Filter>
		</ClInclude>
		<ClInclude Include="..\..\..\addons\ofxSvg\libs\libxml2\include\libxml\SAX2.h">
			<Filter>addons\ofxSvg\libs\libxml2\include\libxml</Filter>
		</ClInclude>
		<ClInclude Include="..\..\..\addons\ofxSvg\libs\libxml2\include\libxml\schemasInternals.h">
			<Filter>addons\ofxSvg\libs\libxml2\include\libxml</Filter>
		</ClInclude>
		<ClInclude Include="..\..\..\addons\ofxSvg\libs\libxml2\include\libxml\schematron.h">
			<Filter>addons\ofxSvg\libs\libxml2\include\libxml</Filter>
		</ClInclude>
		<ClInclude Include="..\..\..\addons\ofxSvg\libs\libxml2\include\libxml\threads.h">
			<Filter>addons\ofxSvg\libs\libxml2\include\libxml</Filter>
		</ClInclude>
		<ClInclude Include="..\..\..\addons\ofxSvg\libs\libxml2\include\libxml\tree.h">
			<Filter>addons\ofxSvg\libs\libxml2\include\libxml</Filter>
		</ClInclude>
		<ClInclude Include="..\..\..\addons\ofxSvg\libs\libxml2\include\libxml\uri.h">
			<Filter>addons\ofxSvg\libs\libxml2\include\libxml</Filter>
		</ClInclude>
		<ClInclude Include="..\..\..\addons\ofxSvg\libs\libxml2\include\libxml\valid.h">
			<Filter>addons\ofxSvg\libs\libxml2\include\libxml</Filter>
		</ClInclude>
		<ClInclude Include="..\..\..\addons\ofxSvg\libs\libxml2\include\libxml\xinclude.h">
			<Filter>addons\ofxSvg\libs\libxml2\include\libxml</Filter>
		</ClInclude>
		<ClInclude Include="..\..\..\addons\ofxSvg\libs\libxml2\include\libxml\xlink.h">
			<Filter>addons\ofxSvg\libs\libxml2\include\libxml</Filter>
		</ClInclude>
		<ClInclude Include="..\..\..\addons\ofxSvg\libs\libxml2\include\libxml\xmlautomata.h">
			<Filter>addons\ofxSvg\libs\libxml2\include\libxml</Filter>
		</ClInclude>
		<ClInclude Include="..\..\..\addons\ofxSvg\libs\libxml2\include\libxml\xmlerror.h">
			<Filter>addons\ofxSvg\libs\libxml2\include\libxml</Filter>
		</ClInclude>
		<ClInclude Include="..\..\..\addons\ofxSvg\libs\libxml2\include\libxml\xmlexports.h">
			<Filter>addons\ofxSvg\libs\libxml2\include\libxml</Filter>
		</ClInclude>
		<ClInclude Include="..\..\..\addons\ofxSvg\libs\libxml2\include\libxml\xmlIO.h">
			<Filter>addons\ofxSvg\libs\libxml2\include\libxml</Filter>
		</ClInclude>
		<ClInclude Include="..\..\..\addons\ofxSvg\libs\libxml2\include\libxml\xmlmemory.h">
			<Filter>addons\ofxSvg\libs\libxml2\include\libxml</Filter>
		</ClInclude>
		<ClInclude Include="..\..\..\addons\ofxSvg\libs\libxml2\include\libxml\xmlmodule.h">
			<Filter>addons\ofxSvg\libs\libxml2\include\libxml</Filter>
		</ClInclude>
		<ClInclude Include="..\..\..\addons\ofxSvg\libs\libxml2\include\libxml\xmlreader.h">
			<Filter>addons\ofxSvg\libs\libxml2\include\libxml</Filter>
		</ClInclude>
		<ClInclude Include="..\..\..\addons\ofxSvg\libs\libxml2\include\libxml\xmlregexp.h">
			<Filter>addons\ofxSvg\libs\libxml2\include\libxml</Filter>
		</ClInclude>
		<ClInclude Include="..\..\..\addons\ofxSvg\libs\libxml2\include\libxml\xmlsave.h">
			<Filter>addons\ofxSvg\libs\libxml2\include\libxml</Filter>
		</ClInclude>
		<ClInclude Include="..\..\..\addons\ofxSvg\libs\libxml2\include\libxml\xmlschemas.h">
			<Filter>addons\ofxSvg\libs\libxml2\include\libxml</Filter>
		</ClInclude>
		<ClInclude Include="..\..\..\addons\ofxSvg\libs\libxml2\include\libxml\xmlschemastypes.h">
			<Filter>addons\ofxSvg\libs\libxml2\include\libxml</Filter>
		</ClInclude>
		<ClInclude Include="..\..\..\addons\ofxSvg\libs\libxml2\include\libxml\xmlstring.h">
			<Filter>addons\ofxSvg\libs\libxml2\include\libxml</Filter>
		</ClInclude>
		<ClInclude Include="..\..\..\addons\ofxSvg\libs\libxml2\include\libxml\xmlunicode.h">
			<Filter>addons\ofxSvg\libs\libxml2\include\libxml</Filter>
		</ClInclude>
		<ClInclude Include="..\..\..\addons\ofxSvg\libs\libxml2\include\libxml\xmlversion.h">
			<Filter>addons\ofxSvg\libs\libxml2\include\libxml</Filter>
		</ClInclude>
		<ClInclude Include="..\..\..\addons\ofxSvg\libs\libxml2\include\libxml\xmlwriter.h">
			<Filter>addons\ofxSvg\libs\libxml2\include\libxml</Filter>
		</ClInclude>
		<ClInclude Include="..\..\..\addons\ofxSvg\libs\libxml2\include\libxml\xpath.h">
			<Filter>addons\ofxSvg\libs\libxml2\include\libxml</Filter>
		</ClInclude>
		<ClInclude Include="..\..\..\addons\ofxSvg\libs\libxml2\include\libxml\xpathInternals.h">
			<Filter>addons\ofxSvg\libs\libxml2\include\libxml</Filter>
		</ClInclude>
		<ClInclude Include="..\..\..\addons\ofxSvg\libs\libxml2\include\libxml\xpointer.h">
			<Filter>addons\ofxSvg\libs\libxml2\include\libxml</Filter>
		</ClInclude>
		<ClInclude Include="..\..\..\addons\ofxSvg\libs\svgtiny\include\svgtiny.h">
			<Filter>addons\ofxSvg\libs\svgtiny\include</Filter>
		</ClInclude>
		<ClInclude Include="..\..\..\addons\ofxSvg\libs\svgtiny\include\xmlerror.h">
			<Filter>addons\ofxSvg\libs\svgtiny\include</Filter>
		</ClInclude>
		<ClInclude Include="..\..\..\addons\ofxSvg\libs\svgtiny\include\xmlparser.h">
			<Filter>addons\ofxSvg\libs\svgtiny\include</Filter>
		</ClInclude>
	</ItemGroup>
	<ItemGroup>
		<ResourceCompile Include="icon.rc" />
	</ItemGroup>
</Project>
